
Microsoft Visual Studio Solution File, Format Version 12.00
# Visual Studio Version 17
VisualStudioVersion = 17.6.33723.286
MinimumVisualStudioVersion = 10.0.40219.1
Project("{FAE04EC0-301F-11D3-BF4B-00C04F79EFBC}") = "Shop_project", "Final project\Shop_project.csproj", "{2B94FBF9-460B-4F81-AFBE-E0E38E88C1BD}"
EndProject
Global
	GlobalSection(SolutionConfigurationPlatforms) = preSolution
		Debug|Any CPU = Debug|Any CPU
		Release|Any CPU = Release|Any CPU
	EndGlobalSection
	GlobalSection(ProjectConfigurationPlatforms) = postSolution
		{2B94FBF9-460B-4F81-AFBE-E0E38E88C1BD}.Debug|Any CPU.ActiveCfg = Debug|Any CPU
		{2B94FBF9-460B-4F81-AFBE-E0E38E88C1BD}.Debug|Any CPU.Build.0 = Debug|Any CPU
		{2B94FBF9-460B-4F81-AFBE-E0E38E88C1BD}.Release|Any CPU.ActiveCfg = Release|Any CPU
		{2B94FBF9-460B-4F81-AFBE-E0E38E88C1BD}.Release|Any CPU.Build.0 = Release|Any CPU
	EndGlobalSection
	GlobalSection(SolutionProperties) = preSolution
		HideSolutionNode = FALSE
	EndGlobalSection
	GlobalSection(ExtensibilityGlobals) = postSolution
		SolutionGuid = {933DF49F-BCD7-4E22-AB14-1C8940C3D5AA}
	EndGlobalSection
EndGlobal
